
Microsoft Visual Studio Solution File, Format Version 12.00
# Visual Studio 15
VisualStudioVersion = 15.0.28307.329
MinimumVisualStudioVersion = 10.0.40219.1
Project("{888888A0-9F3D-457C-B088-3A5042F75D52}") = "MNIST", "MNIST.pyproj", "{1A8C8511-61BB-4F82-BC27-C82CBC6ACA3A}"
EndProject
Global
	GlobalSection(SolutionConfigurationPlatforms) = preSolution
		Debug|Any CPU = Debug|Any CPU
		Release|Any CPU = Release|Any CPU
	EndGlobalSection
	GlobalSection(ProjectConfigurationPlatforms) = postSolution
		{1A8C8511-61BB-4F82-BC27-C82CBC6ACA3A}.Debug|Any CPU.ActiveCfg = Debug|Any CPU
		{1A8C8511-61BB-4F82-BC27-C82CBC6ACA3A}.Release|Any CPU.ActiveCfg = Release|Any CPU
	EndGlobalSection
	GlobalSection(SolutionProperties) = preSolution
		HideSolutionNode = FALSE
	EndGlobalSection
	GlobalSection(ExtensibilityGlobals) = postSolution
		SolutionGuid = {26E108A5-B7B0-47AA-913B-D8A9ED0E5385}
	EndGlobalSection
EndGlobal
