
Microsoft Visual Studio Solution File, Format Version 12.00
# Visual Studio 15
VisualStudioVersion = 15.0.28307.329
MinimumVisualStudioVersion = 10.0.40219.1
Project("{888888A0-9F3D-457C-B088-3A5042F75D52}") = "imagenet", "imagenet.pyproj", "{82D9546F-5924-4A16-8F9C-F3B853B883F1}"
EndProject
Global
	GlobalSection(SolutionConfigurationPlatforms) = preSolution
		Debug|Any CPU = Debug|Any CPU
		Release|Any CPU = Release|Any CPU
	EndGlobalSection
	GlobalSection(ProjectConfigurationPlatforms) = postSolution
		{82D9546F-5924-4A16-8F9C-F3B853B883F1}.Debug|Any CPU.ActiveCfg = Debug|Any CPU
		{82D9546F-5924-4A16-8F9C-F3B853B883F1}.Release|Any CPU.ActiveCfg = Release|Any CPU
	EndGlobalSection
	GlobalSection(SolutionProperties) = preSolution
		HideSolutionNode = FALSE
	EndGlobalSection
	GlobalSection(ExtensibilityGlobals) = postSolution
		SolutionGuid = {9E265A1E-067C-4BCD-A2A2-B2BAF8991A48}
	EndGlobalSection
EndGlobal
